
Microsoft Visual Studio Solution File, Format Version 12.00
# Visual Studio 15
VisualStudioVersion = 15.0.27703.2047
MinimumVisualStudioVersion = 10.0.40219.1
Project("{FAE04EC0-301F-11D3-BF4B-00C04F79EFBC}") = "ElectriQuiz", "ElectriQuiz\ElectriQuiz.csproj", "{80C6080C-18D4-4052-B44C-BFE8672FB897}"
EndProject
Global
	GlobalSection(SolutionConfigurationPlatforms) = preSolution
		Debug|Any CPU = Debug|Any CPU
		Release|Any CPU = Release|Any CPU
	EndGlobalSection
	GlobalSection(ProjectConfigurationPlatforms) = postSolution
		{80C6080C-18D4-4052-B44C-BFE8672FB897}.Debug|Any CPU.ActiveCfg = Debug|Any CPU
		{80C6080C-18D4-4052-B44C-BFE8672FB897}.Debug|Any CPU.Build.0 = Debug|Any CPU
		{80C6080C-18D4-4052-B44C-BFE8672FB897}.Release|Any CPU.ActiveCfg = Release|Any CPU
		{80C6080C-18D4-4052-B44C-BFE8672FB897}.Release|Any CPU.Build.0 = Release|Any CPU
	EndGlobalSection
	GlobalSection(SolutionProperties) = preSolution
		HideSolutionNode = FALSE
	EndGlobalSection
	GlobalSection(ExtensibilityGlobals) = postSolution
		SolutionGuid = {5F59C6E3-F82D-4F6D-87B0-11CE0F6E3CE2}
	EndGlobalSection
EndGlobal
